
Microsoft Visual Studio Solution File, Format Version 12.00
# Visual Studio Version 17
VisualStudioVersion = 17.0.31903.59
MinimumVisualStudioVersion = 10.0.40219.1
Project("{2150E333-8FDC-42A3-9474-1A3956D46DE8}") = "src", "src", "{827E0CD3-B72D-47B6-A68D-7590B98EB39B}"
EndProject
Project("{FAE04EC0-301F-11D3-BF4B-00C04F79EFBC}") = "Domain", "src\Domain\Domain.csproj", "{DBF31BD9-0D80-4AC0-9335-AC39EE38445B}"
EndProject
Project("{FAE04EC0-301F-11D3-BF4B-00C04F79EFBC}") = "Application", "src\Application\Application.csproj", "{76D9A2C1-848E-4241-8FF1-886BEF9B4BFC}"
EndProject
Project("{FAE04EC0-301F-11D3-BF4B-00C04F79EFBC}") = "Infrastructure", "src\Infrastructure\Infrastructure.csproj", "{A24837F0-95D4-41FF-BDF2-9879A15716B9}"
EndProject
Project("{FAE04EC0-301F-11D3-BF4B-00C04F79EFBC}") = "Api", "src\Api\Api.csproj", "{478FAD15-805C-46DE-AECE-BA13CCA5EAB0}"
EndProject
Global
	GlobalSection(SolutionConfigurationPlatforms) = preSolution
		Debug|Any CPU = Debug|Any CPU
		Debug|x64 = Debug|x64
		Debug|x86 = Debug|x86
		Release|Any CPU = Release|Any CPU
		Release|x64 = Release|x64
		Release|x86 = Release|x86
	EndGlobalSection
	GlobalSection(ProjectConfigurationPlatforms) = postSolution
		{DBF31BD9-0D80-4AC0-9335-AC39EE38445B}.Debug|Any CPU.ActiveCfg = Debug|Any CPU
		{DBF31BD9-0D80-4AC0-9335-AC39EE38445B}.Debug|Any CPU.Build.0 = Debug|Any CPU
		{DBF31BD9-0D80-4AC0-9335-AC39EE38445B}.Debug|x64.ActiveCfg = Debug|Any CPU
		{DBF31BD9-0D80-4AC0-9335-AC39EE38445B}.Debug|x64.Build.0 = Debug|Any CPU
		{DBF31BD9-0D80-4AC0-9335-AC39EE38445B}.Debug|x86.ActiveCfg = Debug|Any CPU
		{DBF31BD9-0D80-4AC0-9335-AC39EE38445B}.Debug|x86.Build.0 = Debug|Any CPU
		{DBF31BD9-0D80-4AC0-9335-AC39EE38445B}.Release|Any CPU.ActiveCfg = Release|Any CPU
		{DBF31BD9-0D80-4AC0-9335-AC39EE38445B}.Release|Any CPU.Build.0 = Release|Any CPU
		{DBF31BD9-0D80-4AC0-9335-AC39EE38445B}.Release|x64.ActiveCfg = Release|Any CPU
		{DBF31BD9-0D80-4AC0-9335-AC39EE38445B}.Release|x64.Build.0 = Release|Any CPU
		{DBF31BD9-0D80-4AC0-9335-AC39EE38445B}.Release|x86.ActiveCfg = Release|Any CPU
		{DBF31BD9-0D80-4AC0-9335-AC39EE38445B}.Release|x86.Build.0 = Release|Any CPU
		{76D9A2C1-848E-4241-8FF1-886BEF9B4BFC}.Debug|Any CPU.ActiveCfg = Debug|Any CPU
		{76D9A2C1-848E-4241-8FF1-886BEF9B4BFC}.Debug|Any CPU.Build.0 = Debug|Any CPU
		{76D9A2C1-848E-4241-8FF1-886BEF9B4BFC}.Debug|x64.ActiveCfg = Debug|Any CPU
		{76D9A2C1-848E-4241-8FF1-886BEF9B4BFC}.Debug|x64.Build.0 = Debug|Any CPU
		{76D9A2C1-848E-4241-8FF1-886BEF9B4BFC}.Debug|x86.ActiveCfg = Debug|Any CPU
		{76D9A2C1-848E-4241-8FF1-886BEF9B4BFC}.Debug|x86.Build.0 = Debug|Any CPU
		{76D9A2C1-848E-4241-8FF1-886BEF9B4BFC}.Release|Any CPU.ActiveCfg = Release|Any CPU
		{76D9A2C1-848E-4241-8FF1-886BEF9B4BFC}.Release|Any CPU.Build.0 = Release|Any CPU
		{76D9A2C1-848E-4241-8FF1-886BEF9B4BFC}.Release|x64.ActiveCfg = Release|Any CPU
		{76D9A2C1-848E-4241-8FF1-886BEF9B4BFC}.Release|x64.Build.0 = Release|Any CPU
		{76D9A2C1-848E-4241-8FF1-886BEF9B4BFC}.Release|x86.ActiveCfg = Release|Any CPU
		{76D9A2C1-848E-4241-8FF1-886BEF9B4BFC}.Release|x86.Build.0 = Release|Any CPU
		{A24837F0-95D4-41FF-BDF2-9879A15716B9}.Debug|Any CPU.ActiveCfg = Debug|Any CPU
		{A24837F0-95D4-41FF-BDF2-9879A15716B9}.Debug|Any CPU.Build.0 = Debug|Any CPU
		{A24837F0-95D4-41FF-BDF2-9879A15716B9}.Debug|x64.ActiveCfg = Debug|Any CPU
		{A24837F0-95D4-41FF-BDF2-9879A15716B9}.Debug|x64.Build.0 = Debug|Any CPU
		{A24837F0-95D4-41FF-BDF2-9879A15716B9}.Debug|x86.ActiveCfg = Debug|Any CPU
		{A24837F0-95D4-41FF-BDF2-9879A15716B9}.Debug|x86.Build.0 = Debug|Any CPU
		{A24837F0-95D4-41FF-BDF2-9879A15716B9}.Release|Any CPU.ActiveCfg = Release|Any CPU
		{A24837F0-95D4-41FF-BDF2-9879A15716B9}.Release|Any CPU.Build.0 = Release|Any CPU
		{A24837F0-95D4-41FF-BDF2-9879A15716B9}.Release|x64.ActiveCfg = Release|Any CPU
		{A24837F0-95D4-41FF-BDF2-9879A15716B9}.Release|x64.Build.0 = Release|Any CPU
		{A24837F0-95D4-41FF-BDF2-9879A15716B9}.Release|x86.ActiveCfg = Release|Any CPU
		{A24837F0-95D4-41FF-BDF2-9879A15716B9}.Release|x86.Build.0 = Release|Any CPU
		{478FAD15-805C-46DE-AECE-BA13CCA5EAB0}.Debug|Any CPU.ActiveCfg = Debug|Any CPU
		{478FAD15-805C-46DE-AECE-BA13CCA5EAB0}.Debug|Any CPU.Build.0 = Debug|Any CPU
		{478FAD15-805C-46DE-AECE-BA13CCA5EAB0}.Debug|x64.ActiveCfg = Debug|Any CPU
		{478FAD15-805C-46DE-AECE-BA13CCA5EAB0}.Debug|x64.Build.0 = Debug|Any CPU
		{478FAD15-805C-46DE-AECE-BA13CCA5EAB0}.Debug|x86.ActiveCfg = Debug|Any CPU
		{478FAD15-805C-46DE-AECE-BA13CCA5EAB0}.Debug|x86.Build.0 = Debug|Any CPU
		{478FAD15-805C-46DE-AECE-BA13CCA5EAB0}.Release|Any CPU.ActiveCfg = Release|Any CPU
		{478FAD15-805C-46DE-AECE-BA13CCA5EAB0}.Release|Any CPU.Build.0 = Release|Any CPU
		{478FAD15-805C-46DE-AECE-BA13CCA5EAB0}.Release|x64.ActiveCfg = Release|Any CPU
		{478FAD15-805C-46DE-AECE-BA13CCA5EAB0}.Release|x64.Build.0 = Release|Any CPU
		{478FAD15-805C-46DE-AECE-BA13CCA5EAB0}.Release|x86.ActiveCfg = Release|Any CPU
		{478FAD15-805C-46DE-AECE-BA13CCA5EAB0}.Release|x86.Build.0 = Release|Any CPU
	EndGlobalSection
	GlobalSection(SolutionProperties) = preSolution
		HideSolutionNode = FALSE
	EndGlobalSection
	GlobalSection(NestedProjects) = preSolution
		{DBF31BD9-0D80-4AC0-9335-AC39EE38445B} = {827E0CD3-B72D-47B6-A68D-7590B98EB39B}
		{76D9A2C1-848E-4241-8FF1-886BEF9B4BFC} = {827E0CD3-B72D-47B6-A68D-7590B98EB39B}
		{A24837F0-95D4-41FF-BDF2-9879A15716B9} = {827E0CD3-B72D-47B6-A68D-7590B98EB39B}
		{478FAD15-805C-46DE-AECE-BA13CCA5EAB0} = {827E0CD3-B72D-47B6-A68D-7590B98EB39B}
	EndGlobalSection
EndGlobal
